
Microsoft Visual Studio Solution File, Format Version 12.00
# Visual Studio Version 17
VisualStudioVersion = 17.1.32228.430
MinimumVisualStudioVersion = 10.0.40219.1
Project("{FAE04EC0-301F-11D3-BF4B-00C04F79EFBC}") = "Algorithm task", "Algorithm task\Algorithm task.csproj", "{D93CAD6A-3A32-44EB-91E1-C9438C04FDC9}"
EndProject
Global
	GlobalSection(SolutionConfigurationPlatforms) = preSolution
		Debug|Any CPU = Debug|Any CPU
		Release|Any CPU = Release|Any CPU
	EndGlobalSection
	GlobalSection(ProjectConfigurationPlatforms) = postSolution
		{D93CAD6A-3A32-44EB-91E1-C9438C04FDC9}.Debug|Any CPU.ActiveCfg = Debug|Any CPU
		{D93CAD6A-3A32-44EB-91E1-C9438C04FDC9}.Debug|Any CPU.Build.0 = Debug|Any CPU
		{D93CAD6A-3A32-44EB-91E1-C9438C04FDC9}.Release|Any CPU.ActiveCfg = Release|Any CPU
		{D93CAD6A-3A32-44EB-91E1-C9438C04FDC9}.Release|Any CPU.Build.0 = Release|Any CPU
	EndGlobalSection
	GlobalSection(SolutionProperties) = preSolution
		HideSolutionNode = FALSE
	EndGlobalSection
	GlobalSection(ExtensibilityGlobals) = postSolution
		SolutionGuid = {8FDCBCA4-5910-47FE-83CB-E12EEF3AA400}
	EndGlobalSection
EndGlobal
